github.com/Sam-Yang6/gmmu v0.0.0-20250702031746-7ba130bc7a84 h1:a5VYXtxpfSxtnA4qM8ORSYleoOfUuMF86IZFGpWFPdA=
github.com/Sam-Yang6/gmmu v0.0.0-20250702031746-7ba130bc7a84/go.mod h1:6NihwheyxTyXoDRNEC8nor4JmPYbeWrDYfHi53YhB7o=
github.com/davecgh/go-spew v1.1.0 h1:ZDRjVQ15GmhC3fiQ8ni8+OwkZQO4DARzQgrnXU1Liz8=
github.com/davecgh/go-spew v1.1.0/go.mod h1:J7Y8YcW2NihsgmVo/mv3lAwl/skON4iLHjSsI+c5H38=
github.com/go-logr/logr v1.2.4 h1:g01GSCwiDw2xSZfjJ2/T9M+S6pFdcNtFYsp+Y43HYDQ=
github.com/go-logr/logr v1.2.4/go.mod h1:jdQByPbusPIv2/zmleS9BjJVeZ6kBagPoEUsqbVz/1A=
github.com/go-sql-driver/mysql v1.7.1 h1:lUIinVbN1DY0xBg0eMOzmmtGoHwWBbvnWubQUrtU8EI=
github.com/go-sql-driver/mysql v1.7.1/go.mod h1:OXbVy3sEdcQ2Doequ6Z5BW6fXNQTmx+9S1MCJN5yJMI=
github.com/go-task/slim-sprig v0.0.0-20230315185526-52ccab3ef572 h1:tfuBGBXKqDEevZMzYi5KSi8KkcZtzBcTgAUUtapy0OI=
github.com/go-task/slim-sprig v0.0.0-20230315185526-52ccab3ef572/go.mod h1:9Pwr4B2jHnOSGXyyzV8ROjYa2ojvAY6HCGYYfMoC3Ls=
github.com/golang/mock v1.6.0 h1:ErTB+efbowRARo13NNdxyJji2egdxLGQhRaY+DUumQc=
github.com/golang/mock v1.6.0/go.mod h1:p6yTPP+5HYm5mzsMV8JkE6ZKdX+/wYM6Hr+LicevLPs=
github.com/google/go-cmp v0.5.9 h1:O2Tfq5qg4qc4AmwVlvv0oLiVAGB7enBSJ2x2DqQFi38=
github.com/google/go-cmp v0.5.9/go.mod h1:17dUlkBOakJ0+DkrSSNjCkIjxS6bF9zb3elmeNGIjoY=
github.com/google/pprof v0.0.0-20230510103437-eeec1cb781c3 h1:2XF1Vzq06X+inNqgJ9tRnGuw+ZVCB3FazXODD6JE1R8=
github.com/google/pprof v0.0.0-20230510103437-eeec1cb781c3/go.mod h1:79YE0hCXdHag9sBkw2o+N/YnZtTkXi0UT9Nnixa5eYk=
github.com/mattn/go-sqlite3 v1.14.16 h1:yOQRA0RpS5PFz/oikGwBEqvAWhWg5ufRz4ETLjwpU1Y=
github.com/mattn/go-sqlite3 v1.14.16/go.mod h1:2eHXhiwb8IkHr+BDWZGa96P6+rkvnG63S2DGjv9HUNg=
github.com/onsi/ginkgo/v2 v2.9.7 h1:06xGQy5www2oN160RtEZoTvnP2sPhEfePYmCDc2szss=
github.com/onsi/ginkgo/v2 v2.9.7/go.mod h1:cxrmXWykAwTwhQsJOPfdIDiJ+l2RYq7U8hFU+M/1uw0=
github.com/onsi/gomega v1.27.7 h1:fVih9JD6ogIiHUN6ePK7HJidyEDpWGVB5mzM7cWNXoU=
github.com/onsi/gomega v1.27.7/go.mod h1:1p8OOlwo2iUUDsHnOrjE5UKYJ+e3W8eQ3qSlRahPmr4=
github.com/pmezard/go-difflib v1.0.0 h1:4DBwDE0NGyQoBHbLQYPwSUPoCMWR5BEzIk/f1lZbAQM=
github.com/pmezard/go-difflib v1.0.0/go.mod h1:iKH77koFhYxTK1pcRnkKkqfTogsbg7gZNVY4sRDYZ/4=
github.com/rs/xid v1.5.0 h1:mKX4bl4iPYJtEIxp6CYiUuLQ/8DYMoz0PUdtGgMFRVc=
github.com/rs/xid v1.5.0/go.mod h1:trrq9SKmegXys3aeAKXMUTdJsYXVwGY3RLcfgqegfbg=
github.com/sarchlab/akita/v3 v3.1.0 h1:pt17MC5A7NqfZKFRuE9CSQh1L50YJE+/zh2x3DBt5Ow=
github.com/sarchlab/akita/v3 v3.1.0/go.mod h1:63FwQtSD9gCrOF5XGIq4Z6md3QqBgZ5yRDI5K2nGwfA=
github.com/stretchr/objx v0.1.0/go.mod h1:HFkY916IF+rwdDfMAkV7OtwuqBVzrE8GR6GFx+wExME=
github.com/stretchr/testify v1.5.1 h1:nOGnQDM7FYENwehXlg/kFVnos3rEvtKTjRvOWSzb6H4=
github.com/stretchr/testify v1.5.1/go.mod h1:5W2xD1RspED5o8YsWQXVCued0rvSQ+mT+I5cxcmMvtA=
github.com/tebeka/atexit v0.3.0 h1:jleL99H7Ywt80oJKR+VWmJNnezcCOG0CuzcN3CIpsdI=
github.com/tebeka/atexit v0.3.0/go.mod h1:WJmSUSmMT7WoR7etUOaGBVXk+f5/ZJ+67qwuedq7Fbs=
golang.org/x/net v0.23.0 h1:7EYJ93RZ9vYSZAIb2x3lnuvqO5zneoD6IvWjuhfxjTs=
golang.org/x/net v0.23.0/go.mod h1:JKghWKKOSdJwpW2GEx0Ja7fmaKnMsbu+MWVZTokSYmg=
golang.org/x/sys v0.18.0 h1:DBdB3niSjOA/O0blCZBqDefyWNYveAYMNF1Wum0DYQ4=
golang.org/x/sys v0.18.0/go.mod h1:/VUhepiaJMQUp4+oa/7Zr1D23ma6VTLIYjOOTFZPUcA=
golang.org/x/text v0.14.0 h1:ScX5w1eTa3QqT8oi6+ziP7dTV1S2+ALU0bI+0zXKWiQ=
golang.org/x/text v0.14.0/go.mod h1:18ZOQIKpY8NJVqYksKHtTdi31H5itFRjB5/qKTNYzSU=
golang.org/x/tools v0.9.1 h1:8WMNJAz3zrtPmnYC7ISf5dEn3MT0gY7jBJfw27yrrLo=
golang.org/x/tools v0.9.1/go.mod h1:owI94Op576fPu3cIGQeHs3joujW/2Oc6MtlxbF5dfNc=
gopkg.in/check.v1 v0.0.0-20161208181325-20d25e280405/go.mod h1:Co6ibVJAznAaIkqp8huTwlJQCZ016jof/cbN4VW5Yz0=
gopkg.in/yaml.v2 v2.2.2 h1:ZCJp+EgiOT7lHqUV2J862kp8Qj64Jo6az82+3Td9dZw=
gopkg.in/yaml.v2 v2.2.2/go.mod h1:hI93XBmqTisBFMUTm0b8Fm+jr3Dg1NNxqwp+5A1VGuI=
gopkg.in/yaml.v3 v3.0.1 h1:fxVm/GzAzEWqLHuvctI91KS9hhNmmWOoWu0XTYJS7CA=
gopkg.in/yaml.v3 v3.0.1/go.mod h1:K4uyk7z7BCEPqu6E+C64Yfv1cQ7kz7rIZviUmN+EgEM=
